// !$*UTF8*$!
{
	archiveVersion = 1;
	classes = {
	};
	objectVersion = 46;
	objects = {

/* Begin PBXBuildFile section */
		3189788519C73133005C2330 /* main.m in Sources */ = {isa = PBXBuildFile; fileRef = 3189788419C73133005C2330 /* main.m */; };
		3189788819C73133005C2330 /* AppDelegate.m in Sources */ = {isa = PBXBuildFile; fileRef = 3189788719C73133005C2330 /* AppDelegate.m */; };
		3189788E19C73133005C2330 /* Main.storyboard in Resources */ = {isa = PBXBuildFile; fileRef = 3189788C19C73133005C2330 /* Main.storyboard */; };
		3189789019C73133005C2330 /* Images.xcassets in Resources */ = {isa = PBXBuildFile; fileRef = 3189788F19C73133005C2330 /* Images.xcassets */; };
		3189789319C73133005C2330 /* LaunchScreen.xib in Resources */ = {isa = PBXBuildFile; fileRef = 3189789119C73133005C2330 /* LaunchScreen.xib */; };
		3189789F19C73133005C2330 /* intStringDetailsTests.m in Sources */ = {isa = PBXBuildFile; fileRef = 3189789E19C73133005C2330 /* intStringDetailsTests.m */; };
		318978AA19C731AE005C2330 /* MasterCell.m in Sources */ = {isa = PBXBuildFile; fileRef = 318978A919C731AE005C2330 /* MasterCell.m */; };
		318978AD19C732E1005C2330 /* MasterViewController.m in Sources */ = {isa = PBXBuildFile; fileRef = 318978AC19C732E1005C2330 /* MasterViewController.m */; };
		318978B019C73382005C2330 /* MasterModel.m in Sources */ = {isa = PBXBuildFile; fileRef = 318978AF19C73382005C2330 /* MasterModel.m */; };
		318978B319C733C4005C2330 /* DetailModel.m in Sources */ = {isa = PBXBuildFile; fileRef = 318978B219C733C4005C2330 /* DetailModel.m */; };
		318978B619C7363B005C2330 /* DetailViewController.m in Sources */ = {isa = PBXBuildFile; fileRef = 318978B519C7363B005C2330 /* DetailViewController.m */; };
/* End PBXBuildFile section */

/* Begin PBXContainerItemProxy section */
		3189789919C73133005C2330 /* PBXContainerItemProxy */ = {
			isa = PBXContainerItemProxy;
			containerPortal = 3189787719C73133005C2330 /* Project object */;
			proxyType = 1;
			remoteGlobalIDString = 3189787E19C73133005C2330;
			remoteInfo = intStringDetails;
		};
/* End PBXContainerItemProxy section */

/* Begin PBXFileReference section */
		3189787F19C73133005C2330 /* intStringDetails.app */ = {isa = PBXFileReference; explicitFileType = wrapper.application; includeInIndex = 0; path = intStringDetails.app; sourceTree = BUILT_PRODUCTS_DIR; };
		3189788319C73133005C2330 /* Info.plist */ = {isa = PBXFileReference; lastKnownFileType = text.plist.xml; path = Info.plist; sourceTree = "<group>"; };
		3189788419C73133005C2330 /* main.m */ = {isa = PBXFileReference; lastKnownFileType = sourcecode.c.objc; path = main.m; sourceTree = "<group>"; };
		3189788619C73133005C2330 /* AppDelegate.h */ = {isa = PBXFileReference; lastKnownFileType = sourcecode.c.h; path = AppDelegate.h; sourceTree = "<group>"; };
		3189788719C73133005C2330 /* AppDelegate.m */ = {isa = PBXFileReference; lastKnownFileType = sourcecode.c.objc; path = AppDelegate.m; sourceTree = "<group>"; };
		3189788D19C73133005C2330 /* Base */ = {isa = PBXFileReference; lastKnownFileType = file.storyboard; name = Base; path = Base.lproj/Main.storyboard; sourceTree = "<group>"; };
		3189788F19C73133005C2330 /* Images.xcassets */ = {isa = PBXFileReference; lastKnownFileType = folder.assetcatalog; path = Images.xcassets; sourceTree = "<group>"; };
		3189789219C73133005C2330 /* Base */ = {isa = PBXFileReference; lastKnownFileType = file.xib; name = Base; path = Base.lproj/LaunchScreen.xib; sourceTree = "<group>"; };
		3189789819C73133005C2330 /* intStringDetailsTests.xctest */ = {isa = PBXFileReference; explicitFileType = wrapper.cfbundle; includeInIndex = 0; path = intStringDetailsTests.xctest; sourceTree = BUILT_PRODUCTS_DIR; };
		3189789D19C73133005C2330 /* Info.plist */ = {isa = PBXFileReference; lastKnownFileType = text.plist.xml; path = Info.plist; sourceTree = "<group>"; };
		3189789E19C73133005C2330 /* intStringDetailsTests.m */ = {isa = PBXFileReference; lastKnownFileType = sourcecode.c.objc; path = intStringDetailsTests.m; sourceTree = "<group>"; };
		318978A819C731AE005C2330 /* MasterCell.h */ = {isa = PBXFileReference; fileEncoding = 4; lastKnownFileType = sourcecode.c.h; path = MasterCell.h; sourceTree = "<group>"; };
		318978A919C731AE005C2330 /* MasterCell.m */ = {isa = PBXFileReference; fileEncoding = 4; lastKnownFileType = sourcecode.c.objc; path = MasterCell.m; sourceTree = "<group>"; };
		318978AB19C732E1005C2330 /* MasterViewController.h */ = {isa = PBXFileReference; fileEncoding = 4; lastKnownFileType = sourcecode.c.h; path = MasterViewController.h; sourceTree = "<group>"; };
		318978AC19C732E1005C2330 /* MasterViewController.m */ = {isa = PBXFileReference; fileEncoding = 4; lastKnownFileType = sourcecode.c.objc; path = MasterViewController.m; sourceTree = "<group>"; };
		318978AE19C73382005C2330 /* MasterModel.h */ = {isa = PBXFileReference; fileEncoding = 4; lastKnownFileType = sourcecode.c.h; path = MasterModel.h; sourceTree = "<group>"; };
		318978AF19C73382005C2330 /* MasterModel.m */ = {isa = PBXFileReference; fileEncoding = 4; lastKnownFileType = sourcecode.c.objc; path = MasterModel.m; sourceTree = "<group>"; };
		318978B119C733C4005C2330 /* DetailModel.h */ = {isa = PBXFileReference; fileEncoding = 4; lastKnownFileType = sourcecode.c.h; path = DetailModel.h; sourceTree = "<group>"; };
		318978B219C733C4005C2330 /* DetailModel.m */ = {isa = PBXFileReference; fileEncoding = 4; lastKnownFileType = sourcecode.c.objc; path = DetailModel.m; sourceTree = "<group>"; };
		318978B419C7363B005C2330 /* DetailViewController.h */ = {isa = PBXFileReference; fileEncoding = 4; lastKnownFileType = sourcecode.c.h; path = DetailViewController.h; sourceTree = "<group>"; };
		318978B519C7363B005C2330 /* DetailViewController.m */ = {isa = PBXFileReference; fileEncoding = 4; lastKnownFileType = sourcecode.c.objc; path = DetailViewController.m; sourceTree = "<group>"; };
/* End PBXFileReference section */

/* Begin PBXFrameworksBuildPhase section */
		3189787C19C73133005C2330 /* Frameworks */ = {
			isa = PBXFrameworksBuildPhase;
			buildActionMask = 2147483647;
			files = (
			);
			runOnlyForDeploymentPostprocessing = 0;
		};
		3189789519C73133005C2330 /* Frameworks */ = {
			isa = PBXFrameworksBuildPhase;
			buildActionMask = 2147483647;
			files = (
			);
			runOnlyForDeploymentPostprocessing = 0;
		};
/* End PBXFrameworksBuildPhase section */

/* Begin PBXGroup section */
		3189787619C73133005C2330 = {
			isa = PBXGroup;
			children = (
				3189788119C73133005C2330 /* intStringDetails */,
				3189789B19C73133005C2330 /* intStringDetailsTests */,
				3189788019C73133005C2330 /* Products */,
			);
			sourceTree = "<group>";
		};
		3189788019C73133005C2330 /* Products */ = {
			isa = PBXGroup;
			children = (
				3189787F19C73133005C2330 /* intStringDetails.app */,
				3189789819C73133005C2330 /* intStringDetailsTests.xctest */,
			);
			name = Products;
			sourceTree = "<group>";
		};
		3189788119C73133005C2330 /* intStringDetails */ = {
			isa = PBXGroup;
			children = (
				3189788619C73133005C2330 /* AppDelegate.h */,
				3189788719C73133005C2330 /* AppDelegate.m */,
				318978AB19C732E1005C2330 /* MasterViewController.h */,
				318978AC19C732E1005C2330 /* MasterViewController.m */,
				318978AE19C73382005C2330 /* MasterModel.h */,
				318978AF19C73382005C2330 /* MasterModel.m */,
				318978B119C733C4005C2330 /* DetailModel.h */,
				318978B219C733C4005C2330 /* DetailModel.m */,
				318978B419C7363B005C2330 /* DetailViewController.h */,
				318978B519C7363B005C2330 /* DetailViewController.m */,
				3189788C19C73133005C2330 /* Main.storyboard */,
				318978A819C731AE005C2330 /* MasterCell.h */,
				318978A919C731AE005C2330 /* MasterCell.m */,
				3189788F19C73133005C2330 /* Images.xcassets */,
				3189789119C73133005C2330 /* LaunchScreen.xib */,
				3189788219C73133005C2330 /* Supporting Files */,
			);
			path = intStringDetails;
			sourceTree = "<group>";
		};
		3189788219C73133005C2330 /* Supporting Files */ = {
			isa = PBXGroup;
			children = (
				3189788319C73133005C2330 /* Info.plist */,
				3189788419C73133005C2330 /* main.m */,
			);
			name = "Supporting Files";
			sourceTree = "<group>";
		};
		3189789B19C73133005C2330 /* intStringDetailsTests */ = {
			isa = PBXGroup;
			children = (
				3189789E19C73133005C2330 /* intStringDetailsTests.m */,
				3189789C19C73133005C2330 /* Supporting Files */,
			);
			path = intStringDetailsTests;
			sourceTree = "<group>";
		};
		3189789C19C73133005C2330 /* Supporting Files */ = {
			isa = PBXGroup;
			children = (
				3189789D19C73133005C2330 /* Info.plist */,
			);
			name = "Supporting Files";
			sourceTree = "<group>";
		};
/* End PBXGroup section */

/* Begin PBXNativeTarget section */
		3189787E19C73133005C2330 /* intStringDetails */ = {
			isa = PBXNativeTarget;
			buildConfigurationList = 318978A219C73133005C2330 /* Build configuration list for PBXNativeTarget "intStringDetails" */;
			buildPhases = (
				3189787B19C73133005C2330 /* Sources */,
				3189787C19C73133005C2330 /* Frameworks */,
				3189787D19C73133005C2330 /* Resources */,
			);
			buildRules = (
			);
			dependencies = (
			);
			name = intStringDetails;
			productName = intStringDetails;
			productReference = 3189787F19C73133005C2330 /* intStringDetails.app */;
			productType = "com.apple.product-type.application";
		};
		3189789719C73133005C2330 /* intStringDetailsTests */ = {
			isa = PBXNativeTarget;
			buildConfigurationList = 318978A519C73133005C2330 /* Build configuration list for PBXNativeTarget "intStringDetailsTests" */;
			buildPhases = (
				3189789419C73133005C2330 /* Sources */,
				3189789519C73133005C2330 /* Frameworks */,
				3189789619C73133005C2330 /* Resources */,
			);
			buildRules = (
			);
			dependencies = (
				3189789A19C73133005C2330 /* PBXTargetDependency */,
			);
			name = intStringDetailsTests;
			productName = intStringDetailsTests;
			productReference = 3189789819C73133005C2330 /* intStringDetailsTests.xctest */;
			productType = "com.apple.product-type.bundle.unit-test";
		};
/* End PBXNativeTarget section */

/* Begin PBXProject section */
		3189787719C73133005C2330 /* Project object */ = {
			isa = PBXProject;
			attributes = {
				LastUpgradeCheck = 0600;
				ORGANIZATIONNAME = "Rob Mayoff";
				TargetAttributes = {
					3189787E19C73133005C2330 = {
						CreatedOnToolsVersion = 6.0;
					};
					3189789719C73133005C2330 = {
						CreatedOnToolsVersion = 6.0;
						TestTargetID = 3189787E19C73133005C2330;
					};
				};
			};
			buildConfigurationList = 3189787A19C73133005C2330 /* Build configuration list for PBXProject "intStringDetails" */;
			compatibilityVersion = "Xcode 3.2";
			developmentRegion = English;
			hasScannedForEncodings = 0;
			knownRegions = (
				en,
				Base,
			);
			mainGroup = 3189787619C73133005C2330;
			productRefGroup = 3189788019C73133005C2330 /* Products */;
			projectDirPath = "";
			projectRoot = "";
			targets = (
				3189787E19C73133005C2330 /* intStringDetails */,
				3189789719C73133005C2330 /* intStringDetailsTests */,
			);
		};
/* End PBXProject section */

/* Begin PBXResourcesBuildPhase section */
		3189787D19C73133005C2330 /* Resources */ = {
			isa = PBXResourcesBuildPhase;
			buildActionMask = 2147483647;
			files = (
				3189788E19C73133005C2330 /* Main.storyboard in Resources */,
				3189789319C73133005C2330 /* LaunchScreen.xib in Resources */,
				3189789019C73133005C2330 /* Images.xcassets in Resources */,
			);
			runOnlyForDeploymentPostprocessing = 0;
		};
		3189789619C73133005C2330 /* Resources */ = {
			isa = PBXResourcesBuildPhase;
			buildActionMask = 2147483647;
			files = (
			);
			runOnlyForDeploymentPostprocessing = 0;
		};
/* End PBXResourcesBuildPhase section */

/* Begin PBXSourcesBuildPhase section */
		3189787B19C73133005C2330 /* Sources */ = {
			isa = PBXSourcesBuildPhase;
			buildActionMask = 2147483647;
			files = (
				318978B019C73382005C2330 /* MasterModel.m in Sources */,
				3189788819C73133005C2330 /* AppDelegate.m in Sources */,
				318978AD19C732E1005C2330 /* MasterViewController.m in Sources */,
				318978B319C733C4005C2330 /* DetailModel.m in Sources */,
				3189788519C73133005C2330 /* main.m in Sources */,
				318978AA19C731AE005C2330 /* MasterCell.m in Sources */,
				318978B619C7363B005C2330 /* DetailViewController.m in Sources */,
			);
			runOnlyForDeploymentPostprocessing = 0;
		};
		3189789419C73133005C2330 /* Sources */ = {
			isa = PBXSourcesBuildPhase;
			buildActionMask = 2147483647;
			files = (
				3189789F19C73133005C2330 /* intStringDetailsTests.m in Sources */,
			);
			runOnlyForDeploymentPostprocessing = 0;
		};
/* End PBXSourcesBuildPhase section */

/* Begin PBXTargetDependency section */
		3189789A19C73133005C2330 /* PBXTargetDependency */ = {
			isa = PBXTargetDependency;
			target = 3189787E19C73133005C2330 /* intStringDetails */;
			targetProxy = 3189789919C73133005C2330 /* PBXContainerItemProxy */;
		};
/* End PBXTargetDependency section */

/* Begin PBXVariantGroup section */
		3189788C19C73133005C2330 /* Main.storyboard */ = {
			isa = PBXVariantGroup;
			children = (
				3189788D19C73133005C2330 /* Base */,
			);
			name = Main.storyboard;
			sourceTree = "<group>";
		};
		3189789119C73133005C2330 /* LaunchScreen.xib */ = {
			isa = PBXVariantGroup;
			children = (
				3189789219C73133005C2330 /* Base */,
			);
			name = LaunchScreen.xib;
			sourceTree = "<group>";
		};
/* End PBXVariantGroup section */

/* Begin XCBuildConfiguration section */
		318978A019C73133005C2330 /* Debug */ = {
			isa = XCBuildConfiguration;
			buildSettings = {
				ALWAYS_SEARCH_USER_PATHS = NO;
				CLANG_CXX_LANGUAGE_STANDARD = "gnu++0x";
				CLANG_CXX_LIBRARY = "libc++";
				CLANG_ENABLE_MODULES = YES;
				CLANG_ENABLE_OBJC_ARC = YES;
				CLANG_WARN_BOOL_CONVERSION = YES;
				CLANG_WARN_CONSTANT_CONVERSION = YES;
				CLANG_WARN_DIRECT_OBJC_ISA_USAGE = YES_ERROR;
				CLANG_WARN_EMPTY_BODY = YES;
				CLANG_WARN_ENUM_CONVERSION = YES;
				CLANG_WARN_INT_CONVERSION = YES;
				CLANG_WARN_OBJC_ROOT_CLASS = YES_ERROR;
				CLANG_WARN_UNREACHABLE_CODE = YES;
				CLANG_WARN__DUPLICATE_METHOD_MATCH = YES;
				"CODE_SIGN_IDENTITY[sdk=iphoneos*]" = "iPhone Developer";
				COPY_PHASE_STRIP = NO;
				ENABLE_STRICT_OBJC_MSGSEND = YES;
				GCC_C_LANGUAGE_STANDARD = gnu99;
				GCC_DYNAMIC_NO_PIC = NO;
				GCC_OPTIMIZATION_LEVEL = 0;
				GCC_PREPROCESSOR_DEFINITIONS = (
					"DEBUG=1",
					"$(inherited)",
				);
				GCC_SYMBOLS_PRIVATE_EXTERN = NO;
				GCC_WARN_64_TO_32_BIT_CONVERSION = YES;
				GCC_WARN_ABOUT_RETURN_TYPE = YES_ERROR;
				GCC_WARN_UNDECLARED_SELECTOR = YES;
				GCC_WARN_UNINITIALIZED_AUTOS = YES_AGGRESSIVE;
				GCC_WARN_UNUSED_FUNCTION = YES;
				GCC_WARN_UNUSED_VARIABLE = YES;
				IPHONEOS_DEPLOYMENT_TARGET = 8.0;
				MTL_ENABLE_DEBUG_INFO = YES;
				ONLY_ACTIVE_ARCH = YES;
				SDKROOT = iphoneos;
			};
			name = Debug;
		};
		318978A119C73133005C2330 /* Release */ = {
			isa = XCBuildConfiguration;
			buildSettings = {
				ALWAYS_SEARCH_USER_PATHS = NO;
				CLANG_CXX_LANGUAGE_STANDARD = "gnu++0x";
				CLANG_CXX_LIBRARY = "libc++";
				CLANG_ENABLE_MODULES = YES;
				CLANG_ENABLE_OBJC_ARC = YES;
				CLANG_WARN_BOOL_CONVERSION = YES;
				CLANG_WARN_CONSTANT_CONVERSION = YES;
				CLANG_WARN_DIRECT_OBJC_ISA_USAGE = YES_ERROR;
				CLANG_WARN_EMPTY_BODY = YES;
				CLANG_WARN_ENUM_CONVERSION = YES;
				CLANG_WARN_INT_CONVERSION = YES;
				CLANG_WARN_OBJC_ROOT_CLASS = YES_ERROR;
				CLANG_WARN_UNREACHABLE_CODE = YES;
				CLANG_WARN__DUPLICATE_METHOD_MATCH = YES;
				"CODE_SIGN_IDENTITY[sdk=iphoneos*]" = "iPhone Developer";
				COPY_PHASE_STRIP = YES;
				ENABLE_NS_ASSERTIONS = NO;
				ENABLE_STRICT_OBJC_MSGSEND = YES;
				GCC_C_LANGUAGE_STANDARD = gnu99;
				GCC_WARN_64_TO_32_BIT_CONVERSION = YES;
				GCC_WARN_ABOUT_RETURN_TYPE = YES_ERROR;
				GCC_WARN_UNDECLARED_SELECTOR = YES;
				GCC_WARN_UNINITIALIZED_AUTOS = YES_AGGRESSIVE;
				GCC_WARN_UNUSED_FUNCTION = YES;
				GCC_WARN_UNUSED_VARIABLE = YES;
				IPHONEOS_DEPLOYMENT_TARGET = 8.0;
				MTL_ENABLE_DEBUG_INFO = NO;
				SDKROOT = iphoneos;
				VALIDATE_PRODUCT = YES;
			};
			name = Release;
		};
		318978A319C73133005C2330 /* Debug */ = {
			isa = XCBuildConfiguration;
			buildSettings = {
				ASSETCATALOG_COMPILER_APPICON_NAME = AppIcon;
				INFOPLIST_FILE = intStringDetails/Info.plist;
				LD_RUNPATH_SEARCH_PATHS = "$(inherited) @executable_path/Frameworks";
				PRODUCT_NAME = "$(TARGET_NAME)";
			};
			name = Debug;
		};
		318978A419C73133005C2330 /* Release */ = {
			isa = XCBuildConfiguration;
			buildSettings = {
				ASSETCATALOG_COMPILER_APPICON_NAME = AppIcon;
				INFOPLIST_FILE = intStringDetails/Info.plist;
				LD_RUNPATH_SEARCH_PATHS = "$(inherited) @executable_path/Frameworks";
				PRODUCT_NAME = "$(TARGET_NAME)";
			};
			name = Release;
		};
		318978A619C73133005C2330 /* Debug */ = {
			isa = XCBuildConfiguration;
			buildSettings = {
				BUNDLE_LOADER = "$(TEST_HOST)";
				FRAMEWORK_SEARCH_PATHS = (
					"$(SDKROOT)/Developer/Library/Frameworks",
					"$(inherited)",
				);
				GCC_PREPROCESSOR_DEFINITIONS = (
					"DEBUG=1",
					"$(inherited)",
				);
				INFOPLIST_FILE = intStringDetailsTests/Info.plist;
				LD_RUNPATH_SEARCH_PATHS = "$(inherited) @executable_path/Frameworks @loader_path/Frameworks";
				PRODUCT_NAME = "$(TARGET_NAME)";
				TEST_HOST = "$(BUILT_PRODUCTS_DIR)/intStringDetails.app/intStringDetails";
			};
			name = Debug;
		};
		318978A719C73133005C2330 /* Release */ = {
			isa = XCBuildConfiguration;
			buildSettings = {
				BUNDLE_LOADER = "$(TEST_HOST)";
				FRAMEWORK_SEARCH_PATHS = (
					"$(SDKROOT)/Developer/Library/Frameworks",
					"$(inherited)",
				);
				INFOPLIST_FILE = intStringDetailsTests/Info.plist;
				LD_RUNPATH_SEARCH_PATHS = "$(inherited) @executable_path/Frameworks @loader_path/Frameworks";
				PRODUCT_NAME = "$(TARGET_NAME)";
				TEST_HOST = "$(BUILT_PRODUCTS_DIR)/intStringDetails.app/intStringDetails";
			};
			name = Release;
		};
/* End XCBuildConfiguration section */

/* Begin XCConfigurationList section */
		3189787A19C73133005C2330 /* Build configuration list for PBXProject "intStringDetails" */ = {
			isa = XCConfigurationList;
			buildConfigurations = (
				318978A019C73133005C2330 /* Debug */,
				318978A119C73133005C2330 /* Release */,
			);
			defaultConfigurationIsVisible = 0;
			defaultConfigurationName = Release;
		};
		318978A219C73133005C2330 /* Build configuration list for PBXNativeTarget "intStringDetails" */ = {
			isa = XCConfigurationList;
			buildConfigurations = (
				318978A319C73133005C2330 /* Debug */,
				318978A419C73133005C2330 /* Release */,
			);
			defaultConfigurationIsVisible = 0;
		};
		318978A519C73133005C2330 /* Build configuration list for PBXNativeTarget "intStringDetailsTests" */ = {
			isa = XCConfigurationList;
			buildConfigurations = (
				318978A619C73133005C2330 /* Debug */,
				318978A719C73133005C2330 /* Release */,
			);
			defaultConfigurationIsVisible = 0;
		};
/* End XCConfigurationList section */
	};
	rootObject = 3189787719C73133005C2330 /* Project object */;
}
